
Microsoft Visual Studio Solution File, Format Version 12.00
# Visual Studio Version 17
VisualStudioVersion = 17.2.32630.192
MinimumVisualStudioVersion = 10.0.40219.1
Project("{FAE04EC0-301F-11D3-BF4B-00C04F79EFBC}") = "ComparacionCadenas", "ComparacionCadenas\ComparacionCadenas.csproj", "{BB4A36A0-43DE-4149-ACBF-7C8B7FDA0738}"
EndProject
Global
	GlobalSection(SolutionConfigurationPlatforms) = preSolution
		Debug|Any CPU = Debug|Any CPU
		Release|Any CPU = Release|Any CPU
	EndGlobalSection
	GlobalSection(ProjectConfigurationPlatforms) = postSolution
		{BB4A36A0-43DE-4149-ACBF-7C8B7FDA0738}.Debug|Any CPU.ActiveCfg = Debug|Any CPU
		{BB4A36A0-43DE-4149-ACBF-7C8B7FDA0738}.Debug|Any CPU.Build.0 = Debug|Any CPU
		{BB4A36A0-43DE-4149-ACBF-7C8B7FDA0738}.Release|Any CPU.ActiveCfg = Release|Any CPU
		{BB4A36A0-43DE-4149-ACBF-7C8B7FDA0738}.Release|Any CPU.Build.0 = Release|Any CPU
	EndGlobalSection
	GlobalSection(SolutionProperties) = preSolution
		HideSolutionNode = FALSE
	EndGlobalSection
	GlobalSection(ExtensibilityGlobals) = postSolution
		SolutionGuid = {428F7E57-335C-41A7-A6F9-6508D957D80C}
	EndGlobalSection
EndGlobal
