
Microsoft Visual Studio Solution File, Format Version 12.00
# Visual Studio Version 17
VisualStudioVersion = 17.2.32630.192
MinimumVisualStudioVersion = 10.0.40219.1
Project("{FAE04EC0-301F-11D3-BF4B-00C04F79EFBC}") = "TiposIntegrados", "TiposIntegrados\TiposIntegrados.csproj", "{CF57A18B-1B90-4646-AD1C-05278A10487A}"
EndProject
Global
	GlobalSection(SolutionConfigurationPlatforms) = preSolution
		Debug|Any CPU = Debug|Any CPU
		Release|Any CPU = Release|Any CPU
	EndGlobalSection
	GlobalSection(ProjectConfigurationPlatforms) = postSolution
		{CF57A18B-1B90-4646-AD1C-05278A10487A}.Debug|Any CPU.ActiveCfg = Debug|Any CPU
		{CF57A18B-1B90-4646-AD1C-05278A10487A}.Debug|Any CPU.Build.0 = Debug|Any CPU
		{CF57A18B-1B90-4646-AD1C-05278A10487A}.Release|Any CPU.ActiveCfg = Release|Any CPU
		{CF57A18B-1B90-4646-AD1C-05278A10487A}.Release|Any CPU.Build.0 = Release|Any CPU
	EndGlobalSection
	GlobalSection(SolutionProperties) = preSolution
		HideSolutionNode = FALSE
	EndGlobalSection
	GlobalSection(ExtensibilityGlobals) = postSolution
		SolutionGuid = {A3D7719F-20E1-4A2D-861D-35AB19D86E76}
	EndGlobalSection
EndGlobal
